<?xml version="1.0" encoding="utf-8"?>
<Project DefaultTargets="Build" ToolsVersion="4.0" xmlns="http://schemas.microsoft.com/developer/msbuild/2003">
  <PropertyGroup>
    <Configuration Condition=" '$(Configuration)' == '' ">Debug</Configuration>
    <Platform Condition=" '$(Platform)' == '' ">AnyCPU</Platform>
    <ProductVersion>10.0.0</ProductVersion>
    <SchemaVersion>2.0</SchemaVersion>
    <ProjectGuid>{26A605B4-AC2E-456E-9EC4-E0777267D85F}</ProjectGuid>
    <UseDefaultCompiler>true</UseDefaultCompiler>
    <PreferOneStepBuild>true</PreferOneStepBuild>
    <Compiler>DMD HEAD</Compiler>
    <IncrementalLinking>true</IncrementalLinking>
    <DependentProjectIds>
      <DependentProjectIds>
        <String>{FD56267C-4B7F-4AB8-B384-4DF041D77133}</String>
      </DependentProjectIds>
    </DependentProjectIds>
  </PropertyGroup>
  <PropertyGroup Condition=" '$(Configuration)|$(Platform)' == 'Debug|AnyCPU' ">
    <DebugSymbols>true</DebugSymbols>
    <OutputPath>bin\Debug</OutputPath>
    <ObjectsDirectory>obj/Debug</ObjectsDirectory>
    <UnittestMode>false</UnittestMode>
    <OutputName>arsd.jsvar.a</OutputName>
    <Target>StaticLibrary</Target>
    <Externalconsole>true</Externalconsole>
    <DebugLevel>0</DebugLevel>
    <LinkinThirdPartyLibraries>false</LinkinThirdPartyLibraries>
  </PropertyGroup>
  <PropertyGroup Condition=" '$(Configuration)|$(Platform)' == 'Release|AnyCPU' ">
    <OutputPath>bin\Release</OutputPath>
    <Externalconsole>true</Externalconsole>
    <Target>StaticLibrary</Target>
    <OutputName>arsd.jsvar.a</OutputName>
    <UnittestMode>false</UnittestMode>
    <ObjectsDirectory>obj/Release</ObjectsDirectory>
    <DebugLevel>0</DebugLevel>
    <LinkinThirdPartyLibraries>false</LinkinThirdPartyLibraries>
  </PropertyGroup>
  <PropertyGroup Condition=" '$(Configuration)|$(Platform)' == 'Unittest|AnyCPU' ">
    <DebugSymbols>true</DebugSymbols>
    <OutputPath>bin\Unittest</OutputPath>
    <ObjectsDirectory>obj/Unittest</ObjectsDirectory>
    <UnittestMode>true</UnittestMode>
    <OutputName>arsd.jsvar.a</OutputName>
    <Target>Executable</Target>
    <Externalconsole>true</Externalconsole>
    <DebugLevel>0</DebugLevel>
    <LinkinThirdPartyLibraries>false</LinkinThirdPartyLibraries>
  </PropertyGroup>
  <ItemGroup>
    <Compile Include="arsd\jsvar.d" />
  </ItemGroup>
  <ItemGroup>
    <Folder Include="arsd\" />
  </ItemGroup>
</Project>